
Microsoft Visual Studio Solution File, Format Version 12.00
# Visual Studio Version 17
VisualStudioVersion = 17.3.32901.215
MinimumVisualStudioVersion = 10.0.40219.1
Project("{FAE04EC0-301F-11D3-BF4B-00C04F79EFBC}") = "LeahSporting", "LeahSporting\LeahSporting.csproj", "{BECC9032-9272-42EE-ABEC-97B1841D5A6F}"
EndProject
Global
	GlobalSection(SolutionConfigurationPlatforms) = preSolution
		Debug|Any CPU = Debug|Any CPU
		Release|Any CPU = Release|Any CPU
	EndGlobalSection
	GlobalSection(ProjectConfigurationPlatforms) = postSolution
		{BECC9032-9272-42EE-ABEC-97B1841D5A6F}.Debug|Any CPU.ActiveCfg = Debug|Any CPU
		{BECC9032-9272-42EE-ABEC-97B1841D5A6F}.Debug|Any CPU.Build.0 = Debug|Any CPU
		{BECC9032-9272-42EE-ABEC-97B1841D5A6F}.Release|Any CPU.ActiveCfg = Release|Any CPU
		{BECC9032-9272-42EE-ABEC-97B1841D5A6F}.Release|Any CPU.Build.0 = Release|Any CPU
	EndGlobalSection
	GlobalSection(SolutionProperties) = preSolution
		HideSolutionNode = FALSE
	EndGlobalSection
	GlobalSection(ExtensibilityGlobals) = postSolution
		SolutionGuid = {5B485437-14A8-4686-80C6-27FCE6D4A46D}
	EndGlobalSection
EndGlobal
